
Microsoft Visual Studio Solution File, Format Version 12.00
# Visual Studio Version 17
VisualStudioVersion = 17.0.31912.275
MinimumVisualStudioVersion = 10.0.40219.1
Project("{9A19103F-16F7-4668-BE54-9A1E7A4F7556}") = "FundooNotes", "FundooNotes.csproj", "{A2374C4E-9386-47DD-9BAF-FF487E4E19B8}"
EndProject
Project("{FAE04EC0-301F-11D3-BF4B-00C04F79EFBC}") = "BusinessLayer", "..\BusinessLayer\BusinessLayer.csproj", "{EFB03890-6AD3-4FE2-8E43-EEF63B6CFB48}"
EndProject
Project("{FAE04EC0-301F-11D3-BF4B-00C04F79EFBC}") = "CommonLayer", "..\CommonLayer\CommonLayer.csproj", "{79C8C6B3-62E3-4A69-9901-09FE2070AFAE}"
EndProject
Project("{FAE04EC0-301F-11D3-BF4B-00C04F79EFBC}") = "RepositoryLayer", "..\RepositoryLayer\RepositoryLayer.csproj", "{238AA38F-331E-4E4C-ACCC-AA0F91A65709}"
EndProject
Global
	GlobalSection(SolutionConfigurationPlatforms) = preSolution
		Debug|Any CPU = Debug|Any CPU
		Release|Any CPU = Release|Any CPU
	EndGlobalSection
	GlobalSection(ProjectConfigurationPlatforms) = postSolution
		{A2374C4E-9386-47DD-9BAF-FF487E4E19B8}.Debug|Any CPU.ActiveCfg = Debug|Any CPU
		{A2374C4E-9386-47DD-9BAF-FF487E4E19B8}.Debug|Any CPU.Build.0 = Debug|Any CPU
		{A2374C4E-9386-47DD-9BAF-FF487E4E19B8}.Release|Any CPU.ActiveCfg = Release|Any CPU
		{A2374C4E-9386-47DD-9BAF-FF487E4E19B8}.Release|Any CPU.Build.0 = Release|Any CPU
		{EFB03890-6AD3-4FE2-8E43-EEF63B6CFB48}.Debug|Any CPU.ActiveCfg = Debug|Any CPU
		{EFB03890-6AD3-4FE2-8E43-EEF63B6CFB48}.Debug|Any CPU.Build.0 = Debug|Any CPU
		{EFB03890-6AD3-4FE2-8E43-EEF63B6CFB48}.Release|Any CPU.ActiveCfg = Release|Any CPU
		{EFB03890-6AD3-4FE2-8E43-EEF63B6CFB48}.Release|Any CPU.Build.0 = Release|Any CPU
		{79C8C6B3-62E3-4A69-9901-09FE2070AFAE}.Debug|Any CPU.ActiveCfg = Debug|Any CPU
		{79C8C6B3-62E3-4A69-9901-09FE2070AFAE}.Debug|Any CPU.Build.0 = Debug|Any CPU
		{79C8C6B3-62E3-4A69-9901-09FE2070AFAE}.Release|Any CPU.ActiveCfg = Release|Any CPU
		{79C8C6B3-62E3-4A69-9901-09FE2070AFAE}.Release|Any CPU.Build.0 = Release|Any CPU
		{238AA38F-331E-4E4C-ACCC-AA0F91A65709}.Debug|Any CPU.ActiveCfg = Debug|Any CPU
		{238AA38F-331E-4E4C-ACCC-AA0F91A65709}.Debug|Any CPU.Build.0 = Debug|Any CPU
		{238AA38F-331E-4E4C-ACCC-AA0F91A65709}.Release|Any CPU.ActiveCfg = Release|Any CPU
		{238AA38F-331E-4E4C-ACCC-AA0F91A65709}.Release|Any CPU.Build.0 = Release|Any CPU
	EndGlobalSection
	GlobalSection(SolutionProperties) = preSolution
		HideSolutionNode = FALSE
	EndGlobalSection
	GlobalSection(ExtensibilityGlobals) = postSolution
		SolutionGuid = {5B9E0915-3E74-4031-B8B1-6F56BDEB1E5C}
	EndGlobalSection
EndGlobal
